
Microsoft Visual Studio Solution File, Format Version 12.00
# Visual Studio Version 17
VisualStudioVersion = 17.14.36518.9
MinimumVisualStudioVersion = 10.0.40219.1
Project("{2150E333-8FDC-42A3-9474-1A3956D46DE8}") = "Task0", "Task0", "{02EA681E-C7D8-13C7-8484-4AC65E1B71E8}"
EndProject
Project("{FAE04EC0-301F-11D3-BF4B-00C04F79EFBC}") = "Tyuiu.BritovDS.Sprint2.Task0.V23", "Tyuiu.BritovDS.Sprint2.Task0.V23\Tyuiu.BritovDS.Sprint2.Task0.V23.csproj", "{71F9D3EA-FD62-44B7-A180-D597AB1AD356}"
EndProject
Project("{FAE04EC0-301F-11D3-BF4B-00C04F79EFBC}") = "Tyuiu.BritovDS.Sprint2.Task0.V23.Lib", "Tyuiu.BritovDS.Sprint2.Task0.V23.Lib\Tyuiu.BritovDS.Sprint2.Task0.V23.Lib.csproj", "{903BFAE7-6DB7-4759-BDC5-7448835F74DF}"
EndProject
Project("{FAE04EC0-301F-11D3-BF4B-00C04F79EFBC}") = "Tyuiu.BritovDS.Sprint2.Task0.V23.Test", "Tyuiu.BritovDS.Sprint2.Task0.V23.Test\Tyuiu.BritovDS.Sprint2.Task0.V23.Test.csproj", "{B6871FE0-B106-43A2-9178-B2CA69FE2DE3}"
EndProject
Project("{2150E333-8FDC-42A3-9474-1A3956D46DE8}") = "Task1", "Task1", "{EDD44E6F-8B32-4AB3-A188-72D4FEA2B2D4}"
EndProject
Project("{FAE04EC0-301F-11D3-BF4B-00C04F79EFBC}") = "Tyuiu.BritovDS.Sprint2.Task1.V19", "Tyuiu.BritovDS.Sprint2.Task1.V19\Tyuiu.BritovDS.Sprint2.Task1.V19.csproj", "{6988FC42-DBB0-4B13-BD28-A2475D4282A8}"
EndProject
Project("{FAE04EC0-301F-11D3-BF4B-00C04F79EFBC}") = "Tyuiu.BritovDS.Sprint2.Task1.V19.Lib", "Tyuiu.BritovDS.Sprint2.Task1.V19.Lib\Tyuiu.BritovDS.Sprint2.Task1.V19.Lib.csproj", "{A502A566-3680-4C79-BE5E-243420A87DD4}"
EndProject
Project("{FAE04EC0-301F-11D3-BF4B-00C04F79EFBC}") = "Tyuiu.BritovDS.Sprint2.Task1.V19.Test", "Tyuiu.BritovDS.Sprint2.Task1.V19.Test\Tyuiu.BritovDS.Sprint2.Task1.V19.Test.csproj", "{FC28B6E1-1CB3-43A5-8E8F-DF93BAAB1589}"
EndProject
Project("{2150E333-8FDC-42A3-9474-1A3956D46DE8}") = "Task2", "Task2", "{0CA21986-F2B0-4142-90A5-E86C01F36955}"
EndProject
Project("{FAE04EC0-301F-11D3-BF4B-00C04F79EFBC}") = "Tyuiu.BritovDS.Sprint2.Task2.V4", "Tyuiu.BritovDS.Sprint2.Task2.V4\Tyuiu.BritovDS.Sprint2.Task2.V4.csproj", "{7A38AE58-A0C4-489B-8F25-3D235C7877E1}"
EndProject
Project("{FAE04EC0-301F-11D3-BF4B-00C04F79EFBC}") = "Tyuiu.BritovDS.Sprint2.Task2.V4.Lib", "Tyuiu.BritovDS.Sprint2.Task2.V4.Lib\Tyuiu.BritovDS.Sprint2.Task2.V4.Lib.csproj", "{899ABE08-4C27-484B-B0BA-429AB3B3B487}"
EndProject
Project("{FAE04EC0-301F-11D3-BF4B-00C04F79EFBC}") = "Tyuiu.BritovDS.Sprint2.Task2.V4.Test", "Tyuiu.BritovDS.Sprint2.Task2.V4.Test\Tyuiu.BritovDS.Sprint2.Task2.V4.Test.csproj", "{6EA53347-E8E7-4662-AA07-7E974AC263D7}"
EndProject
Global
	GlobalSection(SolutionConfigurationPlatforms) = preSolution
		Debug|Any CPU = Debug|Any CPU
		Release|Any CPU = Release|Any CPU
	EndGlobalSection
	GlobalSection(ProjectConfigurationPlatforms) = postSolution
		{71F9D3EA-FD62-44B7-A180-D597AB1AD356}.Debug|Any CPU.ActiveCfg = Debug|Any CPU
		{71F9D3EA-FD62-44B7-A180-D597AB1AD356}.Debug|Any CPU.Build.0 = Debug|Any CPU
		{71F9D3EA-FD62-44B7-A180-D597AB1AD356}.Release|Any CPU.ActiveCfg = Release|Any CPU
		{71F9D3EA-FD62-44B7-A180-D597AB1AD356}.Release|Any CPU.Build.0 = Release|Any CPU
		{903BFAE7-6DB7-4759-BDC5-7448835F74DF}.Debug|Any CPU.ActiveCfg = Debug|Any CPU
		{903BFAE7-6DB7-4759-BDC5-7448835F74DF}.Debug|Any CPU.Build.0 = Debug|Any CPU
		{903BFAE7-6DB7-4759-BDC5-7448835F74DF}.Release|Any CPU.ActiveCfg = Release|Any CPU
		{903BFAE7-6DB7-4759-BDC5-7448835F74DF}.Release|Any CPU.Build.0 = Release|Any CPU
		{B6871FE0-B106-43A2-9178-B2CA69FE2DE3}.Debug|Any CPU.ActiveCfg = Debug|Any CPU
		{B6871FE0-B106-43A2-9178-B2CA69FE2DE3}.Debug|Any CPU.Build.0 = Debug|Any CPU
		{B6871FE0-B106-43A2-9178-B2CA69FE2DE3}.Release|Any CPU.ActiveCfg = Release|Any CPU
		{B6871FE0-B106-43A2-9178-B2CA69FE2DE3}.Release|Any CPU.Build.0 = Release|Any CPU
		{6988FC42-DBB0-4B13-BD28-A2475D4282A8}.Debug|Any CPU.ActiveCfg = Debug|Any CPU
		{6988FC42-DBB0-4B13-BD28-A2475D4282A8}.Debug|Any CPU.Build.0 = Debug|Any CPU
		{6988FC42-DBB0-4B13-BD28-A2475D4282A8}.Release|Any CPU.ActiveCfg = Release|Any CPU
		{6988FC42-DBB0-4B13-BD28-A2475D4282A8}.Release|Any CPU.Build.0 = Release|Any CPU
		{A502A566-3680-4C79-BE5E-243420A87DD4}.Debug|Any CPU.ActiveCfg = Debug|Any CPU
		{A502A566-3680-4C79-BE5E-243420A87DD4}.Debug|Any CPU.Build.0 = Debug|Any CPU
		{A502A566-3680-4C79-BE5E-243420A87DD4}.Release|Any CPU.ActiveCfg = Release|Any CPU
		{A502A566-3680-4C79-BE5E-243420A87DD4}.Release|Any CPU.Build.0 = Release|Any CPU
		{FC28B6E1-1CB3-43A5-8E8F-DF93BAAB1589}.Debug|Any CPU.ActiveCfg = Debug|Any CPU
		{FC28B6E1-1CB3-43A5-8E8F-DF93BAAB1589}.Debug|Any CPU.Build.0 = Debug|Any CPU
		{FC28B6E1-1CB3-43A5-8E8F-DF93BAAB1589}.Release|Any CPU.ActiveCfg = Release|Any CPU
		{FC28B6E1-1CB3-43A5-8E8F-DF93BAAB1589}.Release|Any CPU.Build.0 = Release|Any CPU
		{7A38AE58-A0C4-489B-8F25-3D235C7877E1}.Debug|Any CPU.ActiveCfg = Debug|Any CPU
		{7A38AE58-A0C4-489B-8F25-3D235C7877E1}.Debug|Any CPU.Build.0 = Debug|Any CPU
		{7A38AE58-A0C4-489B-8F25-3D235C7877E1}.Release|Any CPU.ActiveCfg = Release|Any CPU
		{7A38AE58-A0C4-489B-8F25-3D235C7877E1}.Release|Any CPU.Build.0 = Release|Any CPU
		{899ABE08-4C27-484B-B0BA-429AB3B3B487}.Debug|Any CPU.ActiveCfg = Debug|Any CPU
		{899ABE08-4C27-484B-B0BA-429AB3B3B487}.Debug|Any CPU.Build.0 = Debug|Any CPU
		{899ABE08-4C27-484B-B0BA-429AB3B3B487}.Release|Any CPU.ActiveCfg = Release|Any CPU
		{899ABE08-4C27-484B-B0BA-429AB3B3B487}.Release|Any CPU.Build.0 = Release|Any CPU
		{6EA53347-E8E7-4662-AA07-7E974AC263D7}.Debug|Any CPU.ActiveCfg = Debug|Any CPU
		{6EA53347-E8E7-4662-AA07-7E974AC263D7}.Debug|Any CPU.Build.0 = Debug|Any CPU
		{6EA53347-E8E7-4662-AA07-7E974AC263D7}.Release|Any CPU.ActiveCfg = Release|Any CPU
		{6EA53347-E8E7-4662-AA07-7E974AC263D7}.Release|Any CPU.Build.0 = Release|Any CPU
	EndGlobalSection
	GlobalSection(SolutionProperties) = preSolution
		HideSolutionNode = FALSE
	EndGlobalSection
	GlobalSection(NestedProjects) = preSolution
		{71F9D3EA-FD62-44B7-A180-D597AB1AD356} = {02EA681E-C7D8-13C7-8484-4AC65E1B71E8}
		{903BFAE7-6DB7-4759-BDC5-7448835F74DF} = {02EA681E-C7D8-13C7-8484-4AC65E1B71E8}
		{B6871FE0-B106-43A2-9178-B2CA69FE2DE3} = {02EA681E-C7D8-13C7-8484-4AC65E1B71E8}
		{6988FC42-DBB0-4B13-BD28-A2475D4282A8} = {EDD44E6F-8B32-4AB3-A188-72D4FEA2B2D4}
		{A502A566-3680-4C79-BE5E-243420A87DD4} = {EDD44E6F-8B32-4AB3-A188-72D4FEA2B2D4}
		{FC28B6E1-1CB3-43A5-8E8F-DF93BAAB1589} = {EDD44E6F-8B32-4AB3-A188-72D4FEA2B2D4}
		{7A38AE58-A0C4-489B-8F25-3D235C7877E1} = {0CA21986-F2B0-4142-90A5-E86C01F36955}
		{899ABE08-4C27-484B-B0BA-429AB3B3B487} = {0CA21986-F2B0-4142-90A5-E86C01F36955}
		{6EA53347-E8E7-4662-AA07-7E974AC263D7} = {0CA21986-F2B0-4142-90A5-E86C01F36955}
	EndGlobalSection
	GlobalSection(ExtensibilityGlobals) = postSolution
		SolutionGuid = {D2F5B099-5330-4B26-9CD9-AF9DC474EE89}
	EndGlobalSection
EndGlobal
